
Microsoft Visual Studio Solution File, Format Version 12.00
# Visual Studio Version 17
VisualStudioVersion = 17.4.33110.190
MinimumVisualStudioVersion = 10.0.40219.1
Project("{9A19103F-16F7-4668-BE54-9A1E7A4F7556}") = "PersonalSiteAPI", "PersonalSiteAPI\PersonalSiteAPI.csproj", "{B8F8562A-1383-48B9-8DC3-DBD18C95FA2E}"
EndProject
Project("{54A90642-561A-4BB1-A94E-469ADEE60C69}") = "PersonalSite", "PersonalSite\PersonalSite.esproj", "{0E11741D-A6F4-4062-AB2D-73399120A128}"
	ProjectSection(ProjectDependencies) = postProject
		{B8F8562A-1383-48B9-8DC3-DBD18C95FA2E} = {B8F8562A-1383-48B9-8DC3-DBD18C95FA2E}
	EndProjectSection
EndProject
Project("{9A19103F-16F7-4668-BE54-9A1E7A4F7556}") = "PersonalSiteAPI.Tests", "PersonalSiteAPI.Tests\PersonalSiteAPI.Tests.csproj", "{6963ACF7-CFD4-4D9A-8B5B-044C0650EFA0}"
EndProject
Global
	GlobalSection(SolutionConfigurationPlatforms) = preSolution
		Debug|Any CPU = Debug|Any CPU
		Release|Any CPU = Release|Any CPU
	EndGlobalSection
	GlobalSection(ProjectConfigurationPlatforms) = postSolution
		{B8F8562A-1383-48B9-8DC3-DBD18C95FA2E}.Debug|Any CPU.ActiveCfg = Debug|Any CPU
		{B8F8562A-1383-48B9-8DC3-DBD18C95FA2E}.Debug|Any CPU.Build.0 = Debug|Any CPU
		{B8F8562A-1383-48B9-8DC3-DBD18C95FA2E}.Release|Any CPU.ActiveCfg = Release|Any CPU
		{B8F8562A-1383-48B9-8DC3-DBD18C95FA2E}.Release|Any CPU.Build.0 = Release|Any CPU
		{0E11741D-A6F4-4062-AB2D-73399120A128}.Debug|Any CPU.ActiveCfg = Debug|Any CPU
		{0E11741D-A6F4-4062-AB2D-73399120A128}.Debug|Any CPU.Build.0 = Debug|Any CPU
		{0E11741D-A6F4-4062-AB2D-73399120A128}.Debug|Any CPU.Deploy.0 = Debug|Any CPU
		{0E11741D-A6F4-4062-AB2D-73399120A128}.Release|Any CPU.ActiveCfg = Release|Any CPU
		{0E11741D-A6F4-4062-AB2D-73399120A128}.Release|Any CPU.Build.0 = Release|Any CPU
		{0E11741D-A6F4-4062-AB2D-73399120A128}.Release|Any CPU.Deploy.0 = Release|Any CPU
		{6963ACF7-CFD4-4D9A-8B5B-044C0650EFA0}.Debug|Any CPU.ActiveCfg = Debug|Any CPU
		{6963ACF7-CFD4-4D9A-8B5B-044C0650EFA0}.Debug|Any CPU.Build.0 = Debug|Any CPU
		{6963ACF7-CFD4-4D9A-8B5B-044C0650EFA0}.Release|Any CPU.ActiveCfg = Release|Any CPU
		{6963ACF7-CFD4-4D9A-8B5B-044C0650EFA0}.Release|Any CPU.Build.0 = Release|Any CPU
	EndGlobalSection
	GlobalSection(SolutionProperties) = preSolution
		HideSolutionNode = FALSE
	EndGlobalSection
	GlobalSection(ExtensibilityGlobals) = postSolution
		SolutionGuid = {988A60B8-84C9-43B6-B261-28274DA41525}
	EndGlobalSection
EndGlobal
